// !$*UTF8*$!
{
	archiveVersion = 1;
	classes = {
	};
	objectVersion = 48;
	objects = {

/* Begin PBXBuildFile section */
		42739FA91FC803D80086FDAB /* AppDelegate.m in Sources */ = {isa = PBXBuildFile; fileRef = 42739FA81FC803D80086FDAB /* AppDelegate.m */; };
		42739FAC1FC803D80086FDAB /* ViewController.m in Sources */ = {isa = PBXBuildFile; fileRef = 42739FAB1FC803D80086FDAB /* ViewController.m */; };
		42739FAF1FC803D80086FDAB /* Main.storyboard in Resources */ = {isa = PBXBuildFile; fileRef = 42739FAD1FC803D80086FDAB /* Main.storyboard */; };
		42739FB11FC803D80086FDAB /* Assets.xcassets in Resources */ = {isa = PBXBuildFile; fileRef = 42739FB01FC803D80086FDAB /* Assets.xcassets */; };
		42739FB41FC803D80086FDAB /* LaunchScreen.storyboard in Resources */ = {isa = PBXBuildFile; fileRef = 42739FB21FC803D80086FDAB /* LaunchScreen.storyboard */; };
		42739FB71FC803D80086FDAB /* main.m in Sources */ = {isa = PBXBuildFile; fileRef = 42739FB61FC803D80086FDAB /* main.m */; };
		42739FC21FC814050086FDAB /* Reachability.m in Sources */ = {isa = PBXBuildFile; fileRef = 42739FBF1FC814050086FDAB /* Reachability.m */; };
		42739FC31FC814050086FDAB /* WebServices.m in Sources */ = {isa = PBXBuildFile; fileRef = 42739FC11FC814050086FDAB /* WebServices.m */; };
		42739FC51FC85A9B0086FDAB /* energy.png in Resources */ = {isa = PBXBuildFile; fileRef = 42739FC41FC85A9A0086FDAB /* energy.png */; };
/* End PBXBuildFile section */

/* Begin PBXFileReference section */
		42739FA41FC803D80086FDAB /* WebConsumeSample.app */ = {isa = PBXFileReference; explicitFileType = wrapper.application; includeInIndex = 0; path = WebConsumeSample.app; sourceTree = BUILT_PRODUCTS_DIR; };
		42739FA71FC803D80086FDAB /* AppDelegate.h */ = {isa = PBXFileReference; lastKnownFileType = sourcecode.c.h; path = AppDelegate.h; sourceTree = "<group>"; };
		42739FA81FC803D80086FDAB /* AppDelegate.m */ = {isa = PBXFileReference; lastKnownFileType = sourcecode.c.objc; path = AppDelegate.m; sourceTree = "<group>"; };
		42739FAA1FC803D80086FDAB /* ViewController.h */ = {isa = PBXFileReference; lastKnownFileType = sourcecode.c.h; path = ViewController.h; sourceTree = "<group>"; };
		42739FAB1FC803D80086FDAB /* ViewController.m */ = {isa = PBXFileReference; lastKnownFileType = sourcecode.c.objc; path = ViewController.m; sourceTree = "<group>"; };
		42739FAE1FC803D80086FDAB /* Base */ = {isa = PBXFileReference; lastKnownFileType = file.storyboard; name = Base; path = Base.lproj/Main.storyboard; sourceTree = "<group>"; };
		42739FB01FC803D80086FDAB /* Assets.xcassets */ = {isa = PBXFileReference; lastKnownFileType = folder.assetcatalog; path = Assets.xcassets; sourceTree = "<group>"; };
		42739FB31FC803D80086FDAB /* Base */ = {isa = PBXFileReference; lastKnownFileType = file.storyboard; name = Base; path = Base.lproj/LaunchScreen.storyboard; sourceTree = "<group>"; };
		42739FB51FC803D80086FDAB /* Info.plist */ = {isa = PBXFileReference; lastKnownFileType = text.plist.xml; path = Info.plist; sourceTree = "<group>"; };
		42739FB61FC803D80086FDAB /* main.m */ = {isa = PBXFileReference; lastKnownFileType = sourcecode.c.objc; path = main.m; sourceTree = "<group>"; };
		42739FBE1FC814050086FDAB /* Reachability.h */ = {isa = PBXFileReference; fileEncoding = 4; lastKnownFileType = sourcecode.c.h; path = Reachability.h; sourceTree = "<group>"; };
		42739FBF1FC814050086FDAB /* Reachability.m */ = {isa = PBXFileReference; fileEncoding = 4; lastKnownFileType = sourcecode.c.objc; path = Reachability.m; sourceTree = "<group>"; };
		42739FC01FC814050086FDAB /* WebServices.h */ = {isa = PBXFileReference; fileEncoding = 4; lastKnownFileType = sourcecode.c.h; path = WebServices.h; sourceTree = "<group>"; };
		42739FC11FC814050086FDAB /* WebServices.m */ = {isa = PBXFileReference; fileEncoding = 4; lastKnownFileType = sourcecode.c.objc; path = WebServices.m; sourceTree = "<group>"; };
		42739FC41FC85A9A0086FDAB /* energy.png */ = {isa = PBXFileReference; lastKnownFileType = image.png; path = energy.png; sourceTree = "<group>"; };
/* End PBXFileReference section */

/* Begin PBXFrameworksBuildPhase section */
		42739FA11FC803D80086FDAB /* Frameworks */ = {
			isa = PBXFrameworksBuildPhase;
			buildActionMask = 2147483647;
			files = (
			);
			runOnlyForDeploymentPostprocessing = 0;
		};
/* End PBXFrameworksBuildPhase section */

/* Begin PBXGroup section */
		42739F9B1FC803D80086FDAB = {
			isa = PBXGroup;
			children = (
				42739FA61FC803D80086FDAB /* WebConsumeSample */,
				42739FA51FC803D80086FDAB /* Products */,
			);
			sourceTree = "<group>";
		};
		42739FA51FC803D80086FDAB /* Products */ = {
			isa = PBXGroup;
			children = (
				42739FA41FC803D80086FDAB /* WebConsumeSample.app */,
			);
			name = Products;
			sourceTree = "<group>";
		};
		42739FA61FC803D80086FDAB /* WebConsumeSample */ = {
			isa = PBXGroup;
			children = (
				42739FBD1FC814050086FDAB /* WebServices */,
				42739FA71FC803D80086FDAB /* AppDelegate.h */,
				42739FA81FC803D80086FDAB /* AppDelegate.m */,
				42739FAA1FC803D80086FDAB /* ViewController.h */,
				42739FAB1FC803D80086FDAB /* ViewController.m */,
				42739FAD1FC803D80086FDAB /* Main.storyboard */,
				42739FC41FC85A9A0086FDAB /* energy.png */,
				42739FB01FC803D80086FDAB /* Assets.xcassets */,
				42739FB21FC803D80086FDAB /* LaunchScreen.storyboard */,
				42739FB51FC803D80086FDAB /* Info.plist */,
				42739FB61FC803D80086FDAB /* main.m */,
			);
			path = WebConsumeSample;
			sourceTree = "<group>";
		};
		42739FBD1FC814050086FDAB /* WebServices */ = {
			isa = PBXGroup;
			children = (
				42739FBE1FC814050086FDAB /* Reachability.h */,
				42739FBF1FC814050086FDAB /* Reachability.m */,
				42739FC01FC814050086FDAB /* WebServices.h */,
				42739FC11FC814050086FDAB /* WebServices.m */,
			);
			path = WebServices;
			sourceTree = "<group>";
		};
/* End PBXGroup section */

/* Begin PBXNativeTarget section */
		42739FA31FC803D80086FDAB /* WebConsumeSample */ = {
			isa = PBXNativeTarget;
			buildConfigurationList = 42739FBA1FC803D80086FDAB /* Build configuration list for PBXNativeTarget "WebConsumeSample" */;
			buildPhases = (
				42739FA01FC803D80086FDAB /* Sources */,
				42739FA11FC803D80086FDAB /* Frameworks */,
				42739FA21FC803D80086FDAB /* Resources */,
			);
			buildRules = (
			);
			dependencies = (
			);
			name = WebConsumeSample;
			productName = WebConsumeSample;
			productReference = 42739FA41FC803D80086FDAB /* WebConsumeSample.app */;
			productType = "com.apple.product-type.application";
		};
/* End PBXNativeTarget section */

/* Begin PBXProject section */
		42739F9C1FC803D80086FDAB /* Project object */ = {
			isa = PBXProject;
			attributes = {
				LastUpgradeCheck = 0910;
				ORGANIZATIONNAME = MacMini3;
				TargetAttributes = {
					42739FA31FC803D80086FDAB = {
						CreatedOnToolsVersion = 9.1;
						ProvisioningStyle = Automatic;
					};
				};
			};
			buildConfigurationList = 42739F9F1FC803D80086FDAB /* Build configuration list for PBXProject "WebConsumeSample" */;
			compatibilityVersion = "Xcode 8.0";
			developmentRegion = en;
			hasScannedForEncodings = 0;
			knownRegions = (
				en,
				Base,
			);
			mainGroup = 42739F9B1FC803D80086FDAB;
			productRefGroup = 42739FA51FC803D80086FDAB /* Products */;
			projectDirPath = "";
			projectRoot = "";
			targets = (
				42739FA31FC803D80086FDAB /* WebConsumeSample */,
			);
		};
/* End PBXProject section */

/* Begin PBXResourcesBuildPhase section */
		42739FA21FC803D80086FDAB /* Resources */ = {
			isa = PBXResourcesBuildPhase;
			buildActionMask = 2147483647;
			files = (
				42739FB41FC803D80086FDAB /* LaunchScreen.storyboard in Resources */,
				42739FB11FC803D80086FDAB /* Assets.xcassets in Resources */,
				42739FAF1FC803D80086FDAB /* Main.storyboard in Resources */,
				42739FC51FC85A9B0086FDAB /* energy.png in Resources */,
			);
			runOnlyForDeploymentPostprocessing = 0;
		};
/* End PBXResourcesBuildPhase section */

/* Begin PBXSourcesBuildPhase section */
		42739FA01FC803D80086FDAB /* Sources */ = {
			isa = PBXSourcesBuildPhase;
			buildActionMask = 2147483647;
			files = (
				42739FAC1FC803D80086FDAB /* ViewController.m in Sources */,
				42739FC31FC814050086FDAB /* WebServices.m in Sources */,
				42739FB71FC803D80086FDAB /* main.m in Sources */,
				42739FC21FC814050086FDAB /* Reachability.m in Sources */,
				42739FA91FC803D80086FDAB /* AppDelegate.m in Sources */,
			);
			runOnlyForDeploymentPostprocessing = 0;
		};
/* End PBXSourcesBuildPhase section */

/* Begin PBXVariantGroup section */
		42739FAD1FC803D80086FDAB /* Main.storyboard */ = {
			isa = PBXVariantGroup;
			children = (
				42739FAE1FC803D80086FDAB /* Base */,
			);
			name = Main.storyboard;
			sourceTree = "<group>";
		};
		42739FB21FC803D80086FDAB /* LaunchScreen.storyboard */ = {
			isa = PBXVariantGroup;
			children = (
				42739FB31FC803D80086FDAB /* Base */,
			);
			name = LaunchScreen.storyboard;
			sourceTree = "<group>";
		};
/* End PBXVariantGroup section */

/* Begin XCBuildConfiguration section */
		42739FB81FC803D80086FDAB /* Debug */ = {
			isa = XCBuildConfiguration;
			buildSettings = {
				ALWAYS_SEARCH_USER_PATHS = NO;
				CLANG_ANALYZER_NONNULL = YES;
				CLANG_ANALYZER_NUMBER_OBJECT_CONVERSION = YES_AGGRESSIVE;
				CLANG_CXX_LANGUAGE_STANDARD = "gnu++14";
				CLANG_CXX_LIBRARY = "libc++";
				CLANG_ENABLE_MODULES = YES;
				CLANG_ENABLE_OBJC_ARC = YES;
				CLANG_WARN_BLOCK_CAPTURE_AUTORELEASING = YES;
				CLANG_WARN_BOOL_CONVERSION = YES;
				CLANG_WARN_COMMA = YES;
				CLANG_WARN_CONSTANT_CONVERSION = YES;
				CLANG_WARN_DIRECT_OBJC_ISA_USAGE = YES_ERROR;
				CLANG_WARN_DOCUMENTATION_COMMENTS = YES;
				CLANG_WARN_EMPTY_BODY = YES;
				CLANG_WARN_ENUM_CONVERSION = YES;
				CLANG_WARN_INFINITE_RECURSION = YES;
				CLANG_WARN_INT_CONVERSION = YES;
				CLANG_WARN_NON_LITERAL_NULL_CONVERSION = YES;
				CLANG_WARN_OBJC_LITERAL_CONVERSION = YES;
				CLANG_WARN_OBJC_ROOT_CLASS = YES_ERROR;
				CLANG_WARN_RANGE_LOOP_ANALYSIS = YES;
				CLANG_WARN_STRICT_PROTOTYPES = YES;
				CLANG_WARN_SUSPICIOUS_MOVE = YES;
				CLANG_WARN_UNGUARDED_AVAILABILITY = YES_AGGRESSIVE;
				CLANG_WARN_UNREACHABLE_CODE = YES;
				CLANG_WARN__DUPLICATE_METHOD_MATCH = YES;
				CODE_SIGN_IDENTITY = "iPhone Developer";
				COPY_PHASE_STRIP = NO;
				DEBUG_INFORMATION_FORMAT = dwarf;
				ENABLE_STRICT_OBJC_MSGSEND = YES;
				ENABLE_TESTABILITY = YES;
				GCC_C_LANGUAGE_STANDARD = gnu11;
				GCC_DYNAMIC_NO_PIC = NO;
				GCC_NO_COMMON_BLOCKS = YES;
				GCC_OPTIMIZATION_LEVEL = 0;
				GCC_PREPROCESSOR_DEFINITIONS = (
					"DEBUG=1",
					"$(inherited)",
				);
				GCC_WARN_64_TO_32_BIT_CONVERSION = YES;
				GCC_WARN_ABOUT_RETURN_TYPE = YES_ERROR;
				GCC_WARN_UNDECLARED_SELECTOR = YES;
				GCC_WARN_UNINITIALIZED_AUTOS = YES_AGGRESSIVE;
				GCC_WARN_UNUSED_FUNCTION = YES;
				GCC_WARN_UNUSED_VARIABLE = YES;
				IPHONEOS_DEPLOYMENT_TARGET = 11.1;
				MTL_ENABLE_DEBUG_INFO = YES;
				ONLY_ACTIVE_ARCH = YES;
				SDKROOT = iphoneos;
			};
			name = Debug;
		};
		42739FB91FC803D80086FDAB /* Release */ = {
			isa = XCBuildConfiguration;
			buildSettings = {
				ALWAYS_SEARCH_USER_PATHS = NO;
				CLANG_ANALYZER_NONNULL = YES;
				CLANG_ANALYZER_NUMBER_OBJECT_CONVERSION = YES_AGGRESSIVE;
				CLANG_CXX_LANGUAGE_STANDARD = "gnu++14";
				CLANG_CXX_LIBRARY = "libc++";
				CLANG_ENABLE_MODULES = YES;
				CLANG_ENABLE_OBJC_ARC = YES;
				CLANG_WARN_BLOCK_CAPTURE_AUTORELEASING = YES;
				CLANG_WARN_BOOL_CONVERSION = YES;
				CLANG_WARN_COMMA = YES;
				CLANG_WARN_CONSTANT_CONVERSION = YES;
				CLANG_WARN_DIRECT_OBJC_ISA_USAGE = YES_ERROR;
				CLANG_WARN_DOCUMENTATION_COMMENTS = YES;
				CLANG_WARN_EMPTY_BODY = YES;
				CLANG_WARN_ENUM_CONVERSION = YES;
				CLANG_WARN_INFINITE_RECURSION = YES;
				CLANG_WARN_INT_CONVERSION = YES;
				CLANG_WARN_NON_LITERAL_NULL_CONVERSION = YES;
				CLANG_WARN_OBJC_LITERAL_CONVERSION = YES;
				CLANG_WARN_OBJC_ROOT_CLASS = YES_ERROR;
				CLANG_WARN_RANGE_LOOP_ANALYSIS = YES;
				CLANG_WARN_STRICT_PROTOTYPES = YES;
				CLANG_WARN_SUSPICIOUS_MOVE = YES;
				CLANG_WARN_UNGUARDED_AVAILABILITY = YES_AGGRESSIVE;
				CLANG_WARN_UNREACHABLE_CODE = YES;
				CLANG_WARN__DUPLICATE_METHOD_MATCH = YES;
				CODE_SIGN_IDENTITY = "iPhone Developer";
				COPY_PHASE_STRIP = NO;
				DEBUG_INFORMATION_FORMAT = "dwarf-with-dsym";
				ENABLE_NS_ASSERTIONS = NO;
				ENABLE_STRICT_OBJC_MSGSEND = YES;
				GCC_C_LANGUAGE_STANDARD = gnu11;
				GCC_NO_COMMON_BLOCKS = YES;
				GCC_WARN_64_TO_32_BIT_CONVERSION = YES;
				GCC_WARN_ABOUT_RETURN_TYPE = YES_ERROR;
				GCC_WARN_UNDECLARED_SELECTOR = YES;
				GCC_WARN_UNINITIALIZED_AUTOS = YES_AGGRESSIVE;
				GCC_WARN_UNUSED_FUNCTION = YES;
				GCC_WARN_UNUSED_VARIABLE = YES;
				IPHONEOS_DEPLOYMENT_TARGET = 11.1;
				MTL_ENABLE_DEBUG_INFO = NO;
				SDKROOT = iphoneos;
				VALIDATE_PRODUCT = YES;
			};
			name = Release;
		};
		42739FBB1FC803D80086FDAB /* Debug */ = {
			isa = XCBuildConfiguration;
			buildSettings = {
				ASSETCATALOG_COMPILER_APPICON_NAME = AppIcon;
				CODE_SIGN_STYLE = Automatic;
				DEVELOPMENT_TEAM = 3H2VF3U4FQ;
				INFOPLIST_FILE = WebConsumeSample/Info.plist;
				LD_RUNPATH_SEARCH_PATHS = "$(inherited) @executable_path/Frameworks";
				PRODUCT_BUNDLE_IDENTIFIER = com.avasoft.WebConsumeSample;
				PRODUCT_NAME = "$(TARGET_NAME)";
				TARGETED_DEVICE_FAMILY = "1,2";
			};
			name = Debug;
		};
		42739FBC1FC803D80086FDAB /* Release */ = {
			isa = XCBuildConfiguration;
			buildSettings = {
				ASSETCATALOG_COMPILER_APPICON_NAME = AppIcon;
				CODE_SIGN_STYLE = Automatic;
				DEVELOPMENT_TEAM = 3H2VF3U4FQ;
				INFOPLIST_FILE = WebConsumeSample/Info.plist;
				LD_RUNPATH_SEARCH_PATHS = "$(inherited) @executable_path/Frameworks";
				PRODUCT_BUNDLE_IDENTIFIER = com.avasoft.WebConsumeSample;
				PRODUCT_NAME = "$(TARGET_NAME)";
				TARGETED_DEVICE_FAMILY = "1,2";
			};
			name = Release;
		};
/* End XCBuildConfiguration section */

/* Begin XCConfigurationList section */
		42739F9F1FC803D80086FDAB /* Build configuration list for PBXProject "WebConsumeSample" */ = {
			isa = XCConfigurationList;
			buildConfigurations = (
				42739FB81FC803D80086FDAB /* Debug */,
				42739FB91FC803D80086FDAB /* Release */,
			);
			defaultConfigurationIsVisible = 0;
			defaultConfigurationName = Release;
		};
		42739FBA1FC803D80086FDAB /* Build configuration list for PBXNativeTarget "WebConsumeSample" */ = {
			isa = XCConfigurationList;
			buildConfigurations = (
				42739FBB1FC803D80086FDAB /* Debug */,
				42739FBC1FC803D80086FDAB /* Release */,
			);
			defaultConfigurationIsVisible = 0;
			defaultConfigurationName = Release;
		};
/* End XCConfigurationList section */
	};
	rootObject = 42739F9C1FC803D80086FDAB /* Project object */;
}
